
Microsoft Visual Studio Solution File, Format Version 12.00
# Visual Studio Version 17
VisualStudioVersion = 17.4.33103.184
MinimumVisualStudioVersion = 10.0.40219.1
Project("{FAE04EC0-301F-11D3-BF4B-00C04F79EFBC}") = "Back", "Back\Back.csproj", "{98C18A0F-E97C-4BE7-A116-B71947CE92F6}"
EndProject
Global
	GlobalSection(SolutionConfigurationPlatforms) = preSolution
		Debug|Any CPU = Debug|Any CPU
		Release|Any CPU = Release|Any CPU
	EndGlobalSection
	GlobalSection(ProjectConfigurationPlatforms) = postSolution
		{98C18A0F-E97C-4BE7-A116-B71947CE92F6}.Debug|Any CPU.ActiveCfg = Debug|Any CPU
		{98C18A0F-E97C-4BE7-A116-B71947CE92F6}.Debug|Any CPU.Build.0 = Debug|Any CPU
		{98C18A0F-E97C-4BE7-A116-B71947CE92F6}.Release|Any CPU.ActiveCfg = Release|Any CPU
		{98C18A0F-E97C-4BE7-A116-B71947CE92F6}.Release|Any CPU.Build.0 = Release|Any CPU
	EndGlobalSection
	GlobalSection(SolutionProperties) = preSolution
		HideSolutionNode = FALSE
	EndGlobalSection
	GlobalSection(ExtensibilityGlobals) = postSolution
		SolutionGuid = {967651BA-4874-4DE9-BF1E-6A76CB24476C}
	EndGlobalSection
EndGlobal
