
Microsoft Visual Studio Solution File, Format Version 12.00
# Visual Studio Version 17
VisualStudioVersion = 17.4.33103.184
MinimumVisualStudioVersion = 10.0.40219.1
Project("{9A19103F-16F7-4668-BE54-9A1E7A4F7556}") = "MeiTansaku.WebApi", "Back\MeiTansaku.WebApi.csproj", "{98C18A0F-E97C-4BE7-A116-B71947CE92F6}"
EndProject
Project("{2150E333-8FDC-42A3-9474-1A3956D46DE8}") = "Presentation", "Presentation", "{6319F0D4-BD5C-48A2-A766-45500F8C9884}"
EndProject
Project("{2150E333-8FDC-42A3-9474-1A3956D46DE8}") = "Infrastructure", "Infrastructure", "{9AB4CF54-2607-402F-8672-7E4DF50F89FC}"
EndProject
Project("{2150E333-8FDC-42A3-9474-1A3956D46DE8}") = "Core", "Core", "{D9FC9730-CB2B-4634-A2BC-25D27F9E73F4}"
EndProject
Project("{9A19103F-16F7-4668-BE54-9A1E7A4F7556}") = "Core.Domain", "Core.Domain\Core.Domain.csproj", "{F168D1C9-0014-4DA2-88FB-247FC0C98168}"
EndProject
Project("{9A19103F-16F7-4668-BE54-9A1E7A4F7556}") = "Core.Application", "Core.Application\Core.Application.csproj", "{E2060F55-E01F-4243-A487-F53AB477C62B}"
EndProject
Project("{9A19103F-16F7-4668-BE54-9A1E7A4F7556}") = "Infrastructure.Persistence", "Infrastructure.Persistence\Infrastructure.Persistence.csproj", "{B4723382-8CEC-4D3A-AD1C-5D5D5A7BC9CE}"
EndProject
Project("{9A19103F-16F7-4668-BE54-9A1E7A4F7556}") = "Infrastructure.Shared", "Infrastructure.Shared\Infrastructure.Shared.csproj", "{3E9975ED-2827-44C0-BA7C-778A0B423654}"
EndProject
Project("{FAE04EC0-301F-11D3-BF4B-00C04F79EFBC}") = "Infraestructure.Identity", "Infraestructure.Identity\Infraestructure.Identity.csproj", "{18CA204E-05F4-4AFD-BB04-FDE9E4378474}"
EndProject
Global
	GlobalSection(SolutionConfigurationPlatforms) = preSolution
		Debug|Any CPU = Debug|Any CPU
		Release|Any CPU = Release|Any CPU
	EndGlobalSection
	GlobalSection(ProjectConfigurationPlatforms) = postSolution
		{98C18A0F-E97C-4BE7-A116-B71947CE92F6}.Debug|Any CPU.ActiveCfg = Debug|Any CPU
		{98C18A0F-E97C-4BE7-A116-B71947CE92F6}.Debug|Any CPU.Build.0 = Debug|Any CPU
		{98C18A0F-E97C-4BE7-A116-B71947CE92F6}.Release|Any CPU.ActiveCfg = Release|Any CPU
		{98C18A0F-E97C-4BE7-A116-B71947CE92F6}.Release|Any CPU.Build.0 = Release|Any CPU
		{F168D1C9-0014-4DA2-88FB-247FC0C98168}.Debug|Any CPU.ActiveCfg = Debug|Any CPU
		{F168D1C9-0014-4DA2-88FB-247FC0C98168}.Debug|Any CPU.Build.0 = Debug|Any CPU
		{F168D1C9-0014-4DA2-88FB-247FC0C98168}.Release|Any CPU.ActiveCfg = Release|Any CPU
		{F168D1C9-0014-4DA2-88FB-247FC0C98168}.Release|Any CPU.Build.0 = Release|Any CPU
		{E2060F55-E01F-4243-A487-F53AB477C62B}.Debug|Any CPU.ActiveCfg = Debug|Any CPU
		{E2060F55-E01F-4243-A487-F53AB477C62B}.Debug|Any CPU.Build.0 = Debug|Any CPU
		{E2060F55-E01F-4243-A487-F53AB477C62B}.Release|Any CPU.ActiveCfg = Release|Any CPU
		{E2060F55-E01F-4243-A487-F53AB477C62B}.Release|Any CPU.Build.0 = Release|Any CPU
		{B4723382-8CEC-4D3A-AD1C-5D5D5A7BC9CE}.Debug|Any CPU.ActiveCfg = Debug|Any CPU
		{B4723382-8CEC-4D3A-AD1C-5D5D5A7BC9CE}.Debug|Any CPU.Build.0 = Debug|Any CPU
		{B4723382-8CEC-4D3A-AD1C-5D5D5A7BC9CE}.Release|Any CPU.ActiveCfg = Release|Any CPU
		{B4723382-8CEC-4D3A-AD1C-5D5D5A7BC9CE}.Release|Any CPU.Build.0 = Release|Any CPU
		{3E9975ED-2827-44C0-BA7C-778A0B423654}.Debug|Any CPU.ActiveCfg = Debug|Any CPU
		{3E9975ED-2827-44C0-BA7C-778A0B423654}.Debug|Any CPU.Build.0 = Debug|Any CPU
		{3E9975ED-2827-44C0-BA7C-778A0B423654}.Release|Any CPU.ActiveCfg = Release|Any CPU
		{3E9975ED-2827-44C0-BA7C-778A0B423654}.Release|Any CPU.Build.0 = Release|Any CPU
		{18CA204E-05F4-4AFD-BB04-FDE9E4378474}.Debug|Any CPU.ActiveCfg = Debug|Any CPU
		{18CA204E-05F4-4AFD-BB04-FDE9E4378474}.Debug|Any CPU.Build.0 = Debug|Any CPU
		{18CA204E-05F4-4AFD-BB04-FDE9E4378474}.Release|Any CPU.ActiveCfg = Release|Any CPU
		{18CA204E-05F4-4AFD-BB04-FDE9E4378474}.Release|Any CPU.Build.0 = Release|Any CPU
	EndGlobalSection
	GlobalSection(SolutionProperties) = preSolution
		HideSolutionNode = FALSE
	EndGlobalSection
	GlobalSection(NestedProjects) = preSolution
		{98C18A0F-E97C-4BE7-A116-B71947CE92F6} = {6319F0D4-BD5C-48A2-A766-45500F8C9884}
		{F168D1C9-0014-4DA2-88FB-247FC0C98168} = {D9FC9730-CB2B-4634-A2BC-25D27F9E73F4}
		{E2060F55-E01F-4243-A487-F53AB477C62B} = {D9FC9730-CB2B-4634-A2BC-25D27F9E73F4}
		{B4723382-8CEC-4D3A-AD1C-5D5D5A7BC9CE} = {9AB4CF54-2607-402F-8672-7E4DF50F89FC}
		{3E9975ED-2827-44C0-BA7C-778A0B423654} = {9AB4CF54-2607-402F-8672-7E4DF50F89FC}
		{18CA204E-05F4-4AFD-BB04-FDE9E4378474} = {9AB4CF54-2607-402F-8672-7E4DF50F89FC}
	EndGlobalSection
	GlobalSection(ExtensibilityGlobals) = postSolution
		SolutionGuid = {967651BA-4874-4DE9-BF1E-6A76CB24476C}
	EndGlobalSection
EndGlobal
